
Microsoft Visual Studio Solution File, Format Version 12.00
Project("{FAE04EC0-301F-11D3-BF4B-00C04F79EFBC}") = "ACM.BL", "ACM.BL\ACM.BL.csproj", "{F16B3B9B-2DB9-435F-A06A-651CA9A7D5A5}"
EndProject
Project("{2150E333-8FDC-42A3-9474-1A3956D46DE8}") = "Test", "Test", "{5F3F6B1D-318B-4DB6-A39F-D87222DF7FC4}"
EndProject
Project("{FAE04EC0-301F-11D3-BF4B-00C04F79EFBC}") = "ACM.BL.Test", "ACM.BL.Test\ACM.BL.Test.csproj", "{A9349A14-9FAF-459D-A3CD-46D1BFF0EE6F}"
EndProject
Project("{FAE04EC0-301F-11D3-BF4B-00C04F79EFBC}") = "Acme.Common", "Acme.Common\Acme.Common.csproj", "{9406B9C2-C295-434B-8AE6-11098500B2D7}"
EndProject
Project("{FAE04EC0-301F-11D3-BF4B-00C04F79EFBC}") = "Acme.CommonTests", "Acme.CommonTests\Acme.CommonTests.csproj", "{2989484E-7194-4115-A277-D910F730ECB3}"
EndProject
Global
	GlobalSection(SolutionConfigurationPlatforms) = preSolution
		Debug|Any CPU = Debug|Any CPU
		Release|Any CPU = Release|Any CPU
	EndGlobalSection
	GlobalSection(ProjectConfigurationPlatforms) = postSolution
		{F16B3B9B-2DB9-435F-A06A-651CA9A7D5A5}.Debug|Any CPU.ActiveCfg = Debug|Any CPU
		{F16B3B9B-2DB9-435F-A06A-651CA9A7D5A5}.Debug|Any CPU.Build.0 = Debug|Any CPU
		{F16B3B9B-2DB9-435F-A06A-651CA9A7D5A5}.Release|Any CPU.ActiveCfg = Release|Any CPU
		{F16B3B9B-2DB9-435F-A06A-651CA9A7D5A5}.Release|Any CPU.Build.0 = Release|Any CPU
		{A9349A14-9FAF-459D-A3CD-46D1BFF0EE6F}.Debug|Any CPU.ActiveCfg = Debug|Any CPU
		{A9349A14-9FAF-459D-A3CD-46D1BFF0EE6F}.Debug|Any CPU.Build.0 = Debug|Any CPU
		{A9349A14-9FAF-459D-A3CD-46D1BFF0EE6F}.Release|Any CPU.ActiveCfg = Release|Any CPU
		{A9349A14-9FAF-459D-A3CD-46D1BFF0EE6F}.Release|Any CPU.Build.0 = Release|Any CPU
		{9406B9C2-C295-434B-8AE6-11098500B2D7}.Debug|Any CPU.ActiveCfg = Debug|Any CPU
		{9406B9C2-C295-434B-8AE6-11098500B2D7}.Debug|Any CPU.Build.0 = Debug|Any CPU
		{9406B9C2-C295-434B-8AE6-11098500B2D7}.Release|Any CPU.ActiveCfg = Release|Any CPU
		{9406B9C2-C295-434B-8AE6-11098500B2D7}.Release|Any CPU.Build.0 = Release|Any CPU
		{2989484E-7194-4115-A277-D910F730ECB3}.Debug|Any CPU.ActiveCfg = Debug|Any CPU
		{2989484E-7194-4115-A277-D910F730ECB3}.Debug|Any CPU.Build.0 = Debug|Any CPU
		{2989484E-7194-4115-A277-D910F730ECB3}.Release|Any CPU.ActiveCfg = Release|Any CPU
		{2989484E-7194-4115-A277-D910F730ECB3}.Release|Any CPU.Build.0 = Release|Any CPU
	EndGlobalSection
	GlobalSection(NestedProjects) = preSolution
		{A9349A14-9FAF-459D-A3CD-46D1BFF0EE6F} = {5F3F6B1D-318B-4DB6-A39F-D87222DF7FC4}
		{2989484E-7194-4115-A277-D910F730ECB3} = {5F3F6B1D-318B-4DB6-A39F-D87222DF7FC4}
	EndGlobalSection
EndGlobal
